
Microsoft Visual Studio Solution File, Format Version 12.00
# Visual Studio Version 16
VisualStudioVersion = 16.0.33328.57
MinimumVisualStudioVersion = 10.0.40219.1
Project("{FAE04EC0-301F-11D3-BF4B-00C04F79EFBC}") = "PhoneBook", "PhoneBook.csproj", "{7BBBC7A1-2444-43C1-A092-BF91A99DBB9B}"
EndProject
Global
	GlobalSection(SolutionConfigurationPlatforms) = preSolution
		Debug|Any CPU = Debug|Any CPU
		Release|Any CPU = Release|Any CPU
	EndGlobalSection
	GlobalSection(ProjectConfigurationPlatforms) = postSolution
		{7BBBC7A1-2444-43C1-A092-BF91A99DBB9B}.Debug|Any CPU.ActiveCfg = Debug|Any CPU
		{7BBBC7A1-2444-43C1-A092-BF91A99DBB9B}.Debug|Any CPU.Build.0 = Debug|Any CPU
		{7BBBC7A1-2444-43C1-A092-BF91A99DBB9B}.Release|Any CPU.ActiveCfg = Release|Any CPU
		{7BBBC7A1-2444-43C1-A092-BF91A99DBB9B}.Release|Any CPU.Build.0 = Release|Any CPU
	EndGlobalSection
	GlobalSection(SolutionProperties) = preSolution
		HideSolutionNode = FALSE
	EndGlobalSection
	GlobalSection(ExtensibilityGlobals) = postSolution
		SolutionGuid = {E6EC9A8C-9479-4F8B-A7DC-BC271F93B649}
	EndGlobalSection
EndGlobal
